
Microsoft Visual Studio Solution File, Format Version 12.00
# Visual Studio Version 16
VisualStudioVersion = 16.0.29920.165
MinimumVisualStudioVersion = 10.0.40219.1
Project("{888888A0-9F3D-457C-B088-3A5042F75D52}") = "BOiL_Django2", "BOiL_Django2\BOiL_Django2.pyproj", "{75DC855A-9310-45F4-A17A-2EECCB457484}"
EndProject
Global
	GlobalSection(SolutionConfigurationPlatforms) = preSolution
		Debug|Any CPU = Debug|Any CPU
		Release|Any CPU = Release|Any CPU
	EndGlobalSection
	GlobalSection(ProjectConfigurationPlatforms) = postSolution
		{75DC855A-9310-45F4-A17A-2EECCB457484}.Debug|Any CPU.ActiveCfg = Debug|Any CPU
		{75DC855A-9310-45F4-A17A-2EECCB457484}.Debug|Any CPU.Build.0 = Debug|Any CPU
		{75DC855A-9310-45F4-A17A-2EECCB457484}.Release|Any CPU.ActiveCfg = Release|Any CPU
		{75DC855A-9310-45F4-A17A-2EECCB457484}.Release|Any CPU.Build.0 = Release|Any CPU
	EndGlobalSection
	GlobalSection(SolutionProperties) = preSolution
		HideSolutionNode = FALSE
	EndGlobalSection
	GlobalSection(ExtensibilityGlobals) = postSolution
		SolutionGuid = {3309E153-743D-4715-B934-2766DFD59096}
	EndGlobalSection
EndGlobal
